
Microsoft Visual Studio Solution File, Format Version 12.00
# Visual Studio Version 17
VisualStudioVersion = 17.5.33414.496
MinimumVisualStudioVersion = 10.0.40219.1
Project("{FAE04EC0-301F-11D3-BF4B-00C04F79EFBC}") = "test_dotnet", "test_dotnet.csproj", "{9FA4D068-E37E-4BCF-A694-44FECA350262}"
EndProject
Global
	GlobalSection(SolutionConfigurationPlatforms) = preSolution
		Debug|Any CPU = Debug|Any CPU
		Release|Any CPU = Release|Any CPU
	EndGlobalSection
	GlobalSection(ProjectConfigurationPlatforms) = postSolution
		{9FA4D068-E37E-4BCF-A694-44FECA350262}.Debug|Any CPU.ActiveCfg = Debug|Any CPU
		{9FA4D068-E37E-4BCF-A694-44FECA350262}.Debug|Any CPU.Build.0 = Debug|Any CPU
		{9FA4D068-E37E-4BCF-A694-44FECA350262}.Release|Any CPU.ActiveCfg = Release|Any CPU
		{9FA4D068-E37E-4BCF-A694-44FECA350262}.Release|Any CPU.Build.0 = Release|Any CPU
	EndGlobalSection
	GlobalSection(SolutionProperties) = preSolution
		HideSolutionNode = FALSE
	EndGlobalSection
	GlobalSection(ExtensibilityGlobals) = postSolution
		SolutionGuid = {B047B1E2-9791-4D17-94CE-836C35D21E8C}
	EndGlobalSection
EndGlobal
